{
  "nodes": {
    "fenix": {
      "inputs": {
        "nixpkgs": [
          "nixpkgs"
        ],
        "rust-analyzer-src": "rust-analyzer-src"
      },
      "locked": {
        "lastModified": 1698387704,
        "narHash": "sha256-Ei9J3yyiaEXKIJPmTqb2f3DPsg/XNfQLYvMxRwYzsH8=",
        "owner": "nix-community",
        "repo": "fenix",
        "rev": "30701a50e292780bb1a8283f310bd456dd2d0ce5",
        "type": "github"
      },
      "original": {
        "owner": "nix-community",
        "repo": "fenix",
        "type": "github"
      }
    },
    "flake-utils": {
      "inputs": {
        "systems": "systems"
      },
      "locked": {
        "lastModified": 1694529238,
        "narHash": "sha256-zsNZZGTGnMOf9YpHKJqMSsa0dXbfmxeoJ7xHlrt+xmY=",
        "owner": "numtide",
        "repo": "flake-utils",
        "rev": "ff7b65b44d01cf9ba6a71320833626af21126384",
        "type": "github"
      },
      "original": {
        "id": "flake-utils",
        "type": "indirect"
      }
    },
    "naersk": {
      "inputs": {
        "nixpkgs": "nixpkgs"
      },
      "locked": {
        "lastModified": 1698153314,
        "narHash": "sha256-TunvZMCxXHvU6fz5kq3XTLfojIvTDlbFGfPUFtwCU5o=",
        "owner": "nix-community",
        "repo": "naersk",
        "rev": "06a99941d72e2202ed62b8aa08b9869817fea56f",
        "type": "github"
      },
      "original": {
        "owner": "nix-community",
        "repo": "naersk",
        "type": "github"
      }
    },
    "nixpkgs": {
      "locked": {
        "lastModified": 1698266953,
        "narHash": "sha256-jf72t7pC8+8h8fUslUYbWTX5rKsRwOzRMX8jJsGqDXA=",
        "owner": "NixOS",
        "repo": "nixpkgs",
        "rev": "75a52265bda7fd25e06e3a67dee3f0354e73243c",
        "type": "github"
      },
      "original": {
        "id": "nixpkgs",
        "type": "indirect"
      }
    },
    "nixpkgs_2": {
      "locked": {
        "lastModified": 1691143259,
        "narHash": "sha256-VZf4Jtzq85KWunWwH+XSGKEB1TVNARtg3Jxlbx9E/T8=",
        "owner": "NixOS",
        "repo": "nixpkgs",
        "rev": "4f5308922f99987cabb1821b675da86948af00b4",
        "type": "github"
      },
      "original": {
        "owner": "NixOS",
        "repo": "nixpkgs",
        "type": "github"
      }
    },
    "root": {
      "inputs": {
        "fenix": "fenix",
        "flake-utils": "flake-utils",
        "naersk": "naersk",
        "nixpkgs": "nixpkgs_2"
      }
    },
    "rust-analyzer-src": {
      "flake": false,
      "locked": {
        "lastModified": 1698337999,
        "narHash": "sha256-UHk2hKVUN+t2v5x3u6un7FGA9Xlzs6gArs7Hi/FJXJs=",
        "owner": "rust-lang",
        "repo": "rust-analyzer",
        "rev": "46c395d57090f2ec5784d7fcad57a130911e44f7",
        "type": "github"
      },
      "original": {
        "owner": "rust-lang",
        "ref": "nightly",
        "repo": "rust-analyzer",
        "type": "github"
      }
    },
    "systems": {
      "locked": {
        "lastModified": 1681028828,
        "narHash": "sha256-Vy1rq5AaRuLzOxct8nz4T6wlgyUR7zLU309k9mBC768=",
        "owner": "nix-systems",
        "repo": "default",
        "rev": "da67096a3b9bf56a91d16901293e51ba5b49a27e",
        "type": "github"
      },
      "original": {
        "owner": "nix-systems",
        "repo": "default",
        "type": "github"
      }
    }
  },
  "root": "root",
  "version": 7
}
